
Microsoft Visual Studio Solution File, Format Version 12.00
# Visual Studio Version 16
VisualStudioVersion = 16.0.31205.134
MinimumVisualStudioVersion = 10.0.40219.1
Project("{9A19103F-16F7-4668-BE54-9A1E7A4F7556}") = "ClassLibrarySqr", "ClassLibrarySqr.csproj", "{186A75B2-19BD-4EF4-BF44-26E9A6B0026D}"
EndProject
Global
	GlobalSection(SolutionConfigurationPlatforms) = preSolution
		Debug|Any CPU = Debug|Any CPU
		Release|Any CPU = Release|Any CPU
	EndGlobalSection
	GlobalSection(ProjectConfigurationPlatforms) = postSolution
		{186A75B2-19BD-4EF4-BF44-26E9A6B0026D}.Debug|Any CPU.ActiveCfg = Debug|Any CPU
		{186A75B2-19BD-4EF4-BF44-26E9A6B0026D}.Debug|Any CPU.Build.0 = Debug|Any CPU
		{186A75B2-19BD-4EF4-BF44-26E9A6B0026D}.Release|Any CPU.ActiveCfg = Release|Any CPU
		{186A75B2-19BD-4EF4-BF44-26E9A6B0026D}.Release|Any CPU.Build.0 = Release|Any CPU
	EndGlobalSection
	GlobalSection(SolutionProperties) = preSolution
		HideSolutionNode = FALSE
	EndGlobalSection
	GlobalSection(ExtensibilityGlobals) = postSolution
		SolutionGuid = {BFA1726A-8259-4D19-BE5F-B3AE1E117D2F}
	EndGlobalSection
EndGlobal
